// !$*UTF8*$!
{
	archiveVersion = 1;
	classes = {
	};
	objectVersion = 46;
	objects = {

/* Begin PBXBuildFile section */
		7905A7281C141763003383AB /* main.cpp in Sources */ = {isa = PBXBuildFile; fileRef = 7905A7271C141763003383AB /* main.cpp */; };
		793E057C1C145BE500CCDBD5 /* obj_io.cpp in Sources */ = {isa = PBXBuildFile; fileRef = 793E05791C145BE500CCDBD5 /* obj_io.cpp */; };
/* End PBXBuildFile section */

/* Begin PBXCopyFilesBuildPhase section */
		7905A7221C141763003383AB /* CopyFiles */ = {
			isa = PBXCopyFilesBuildPhase;
			buildActionMask = 2147483647;
			dstPath = /usr/share/man/man1/;
			dstSubfolderSpec = 0;
			files = (
			);
			runOnlyForDeploymentPostprocessing = 1;
		};
/* End PBXCopyFilesBuildPhase section */

/* Begin PBXFileReference section */
		7905A7241C141763003383AB /* cplusplus_test */ = {isa = PBXFileReference; explicitFileType = "compiled.mach-o.executable"; includeInIndex = 0; path = cplusplus_test; sourceTree = BUILT_PRODUCTS_DIR; };
		7905A7271C141763003383AB /* main.cpp */ = {isa = PBXFileReference; lastKnownFileType = sourcecode.cpp.cpp; path = main.cpp; sourceTree = "<group>"; };
		793E056E1C145B6E00CCDBD5 /* obj_io_prb.sh */ = {isa = PBXFileReference; fileEncoding = 4; lastKnownFileType = text.script.sh; path = obj_io_prb.sh; sourceTree = "<group>"; };
		793E05711C145B6E00CCDBD5 /* obj_io.sh */ = {isa = PBXFileReference; fileEncoding = 4; lastKnownFileType = text.script.sh; path = obj_io.sh; sourceTree = "<group>"; };
		793E05741C145B7F00CCDBD5 /* cube_no_normals.obj */ = {isa = PBXFileReference; fileEncoding = 4; lastKnownFileType = text; path = cube_no_normals.obj; sourceTree = "<group>"; };
		793E05751C145B7F00CCDBD5 /* cube_normals.obj */ = {isa = PBXFileReference; fileEncoding = 4; lastKnownFileType = text; path = cube_normals.obj; sourceTree = "<group>"; };
		793E05761C145B7F00CCDBD5 /* cube.obj */ = {isa = PBXFileReference; fileEncoding = 4; lastKnownFileType = text; path = cube.obj; sourceTree = "<group>"; };
		793E05771C145B7F00CCDBD5 /* obj_io_prb_output.txt */ = {isa = PBXFileReference; fileEncoding = 4; lastKnownFileType = text; path = obj_io_prb_output.txt; sourceTree = "<group>"; };
		793E05791C145BE500CCDBD5 /* obj_io.cpp */ = {isa = PBXFileReference; fileEncoding = 4; lastKnownFileType = sourcecode.cpp.cpp; path = obj_io.cpp; sourceTree = "<group>"; };
		793E057A1C145BE500CCDBD5 /* obj_io.hpp */ = {isa = PBXFileReference; fileEncoding = 4; lastKnownFileType = sourcecode.cpp.h; path = obj_io.hpp; sourceTree = "<group>"; };
/* End PBXFileReference section */

/* Begin PBXFrameworksBuildPhase section */
		7905A7211C141763003383AB /* Frameworks */ = {
			isa = PBXFrameworksBuildPhase;
			buildActionMask = 2147483647;
			files = (
			);
			runOnlyForDeploymentPostprocessing = 0;
		};
/* End PBXFrameworksBuildPhase section */

/* Begin PBXGroup section */
		7905A71B1C141763003383AB = {
			isa = PBXGroup;
			children = (
				7905A7261C141763003383AB /* cplusplus_test */,
				7905A7251C141763003383AB /* Products */,
			);
			sourceTree = "<group>";
		};
		7905A7251C141763003383AB /* Products */ = {
			isa = PBXGroup;
			children = (
				7905A7241C141763003383AB /* cplusplus_test */,
			);
			name = Products;
			sourceTree = "<group>";
		};
		7905A7261C141763003383AB /* cplusplus_test */ = {
			isa = PBXGroup;
			children = (
				793E056C1C145B2A00CCDBD5 /* src */,
				7905A7271C141763003383AB /* main.cpp */,
			);
			path = cplusplus_test;
			sourceTree = "<group>";
		};
		793E056C1C145B2A00CCDBD5 /* src */ = {
			isa = PBXGroup;
			children = (
				793E05791C145BE500CCDBD5 /* obj_io.cpp */,
				793E057A1C145BE500CCDBD5 /* obj_io.hpp */,
				793E05741C145B7F00CCDBD5 /* cube_no_normals.obj */,
				793E05751C145B7F00CCDBD5 /* cube_normals.obj */,
				793E05761C145B7F00CCDBD5 /* cube.obj */,
				793E05771C145B7F00CCDBD5 /* obj_io_prb_output.txt */,
				793E056E1C145B6E00CCDBD5 /* obj_io_prb.sh */,
				793E05711C145B6E00CCDBD5 /* obj_io.sh */,
			);
			name = src;
			sourceTree = "<group>";
		};
/* End PBXGroup section */

/* Begin PBXNativeTarget section */
		7905A7231C141763003383AB /* cplusplus_test */ = {
			isa = PBXNativeTarget;
			buildConfigurationList = 7905A72B1C141763003383AB /* Build configuration list for PBXNativeTarget "cplusplus_test" */;
			buildPhases = (
				7905A7201C141763003383AB /* Sources */,
				7905A7211C141763003383AB /* Frameworks */,
				7905A7221C141763003383AB /* CopyFiles */,
			);
			buildRules = (
			);
			dependencies = (
			);
			name = cplusplus_test;
			productName = cplusplus_test;
			productReference = 7905A7241C141763003383AB /* cplusplus_test */;
			productType = "com.apple.product-type.tool";
		};
/* End PBXNativeTarget section */

/* Begin PBXProject section */
		7905A71C1C141763003383AB /* Project object */ = {
			isa = PBXProject;
			attributes = {
				LastUpgradeCheck = 0710;
				ORGANIZATIONNAME = luofei;
				TargetAttributes = {
					7905A7231C141763003383AB = {
						CreatedOnToolsVersion = 7.1;
					};
				};
			};
			buildConfigurationList = 7905A71F1C141763003383AB /* Build configuration list for PBXProject "cplusplus_test" */;
			compatibilityVersion = "Xcode 3.2";
			developmentRegion = English;
			hasScannedForEncodings = 0;
			knownRegions = (
				en,
			);
			mainGroup = 7905A71B1C141763003383AB;
			productRefGroup = 7905A7251C141763003383AB /* Products */;
			projectDirPath = "";
			projectRoot = "";
			targets = (
				7905A7231C141763003383AB /* cplusplus_test */,
			);
		};
/* End PBXProject section */

/* Begin PBXSourcesBuildPhase section */
		7905A7201C141763003383AB /* Sources */ = {
			isa = PBXSourcesBuildPhase;
			buildActionMask = 2147483647;
			files = (
				793E057C1C145BE500CCDBD5 /* obj_io.cpp in Sources */,
				7905A7281C141763003383AB /* main.cpp in Sources */,
			);
			runOnlyForDeploymentPostprocessing = 0;
		};
/* End PBXSourcesBuildPhase section */

/* Begin XCBuildConfiguration section */
		7905A7291C141763003383AB /* Debug */ = {
			isa = XCBuildConfiguration;
			buildSettings = {
				ALWAYS_SEARCH_USER_PATHS = NO;
				CLANG_CXX_LANGUAGE_STANDARD = "gnu++0x";
				CLANG_CXX_LIBRARY = "libc++";
				CLANG_ENABLE_MODULES = YES;
				CLANG_ENABLE_OBJC_ARC = YES;
				CLANG_WARN_BOOL_CONVERSION = YES;
				CLANG_WARN_CONSTANT_CONVERSION = YES;
				CLANG_WARN_DIRECT_OBJC_ISA_USAGE = YES_ERROR;
				CLANG_WARN_EMPTY_BODY = YES;
				CLANG_WARN_ENUM_CONVERSION = YES;
				CLANG_WARN_INT_CONVERSION = YES;
				CLANG_WARN_OBJC_ROOT_CLASS = YES_ERROR;
				CLANG_WARN_UNREACHABLE_CODE = YES;
				CLANG_WARN__DUPLICATE_METHOD_MATCH = YES;
				CODE_SIGN_IDENTITY = "-";
				COPY_PHASE_STRIP = NO;
				DEBUG_INFORMATION_FORMAT = dwarf;
				ENABLE_STRICT_OBJC_MSGSEND = YES;
				ENABLE_TESTABILITY = YES;
				GCC_C_LANGUAGE_STANDARD = gnu99;
				GCC_DYNAMIC_NO_PIC = NO;
				GCC_NO_COMMON_BLOCKS = YES;
				GCC_OPTIMIZATION_LEVEL = 0;
				GCC_PREPROCESSOR_DEFINITIONS = (
					"DEBUG=1",
					"$(inherited)",
				);
				GCC_WARN_64_TO_32_BIT_CONVERSION = YES;
				GCC_WARN_ABOUT_RETURN_TYPE = YES_ERROR;
				GCC_WARN_UNDECLARED_SELECTOR = YES;
				GCC_WARN_UNINITIALIZED_AUTOS = YES_AGGRESSIVE;
				GCC_WARN_UNUSED_FUNCTION = YES;
				GCC_WARN_UNUSED_VARIABLE = YES;
				MACOSX_DEPLOYMENT_TARGET = 10.11;
				MTL_ENABLE_DEBUG_INFO = YES;
				ONLY_ACTIVE_ARCH = YES;
				SDKROOT = macosx;
			};
			name = Debug;
		};
		7905A72A1C141763003383AB /* Release */ = {
			isa = XCBuildConfiguration;
			buildSettings = {
				ALWAYS_SEARCH_USER_PATHS = NO;
				CLANG_CXX_LANGUAGE_STANDARD = "gnu++0x";
				CLANG_CXX_LIBRARY = "libc++";
				CLANG_ENABLE_MODULES = YES;
				CLANG_ENABLE_OBJC_ARC = YES;
				CLANG_WARN_BOOL_CONVERSION = YES;
				CLANG_WARN_CONSTANT_CONVERSION = YES;
				CLANG_WARN_DIRECT_OBJC_ISA_USAGE = YES_ERROR;
				CLANG_WARN_EMPTY_BODY = YES;
				CLANG_WARN_ENUM_CONVERSION = YES;
				CLANG_WARN_INT_CONVERSION = YES;
				CLANG_WARN_OBJC_ROOT_CLASS = YES_ERROR;
				CLANG_WARN_UNREACHABLE_CODE = YES;
				CLANG_WARN__DUPLICATE_METHOD_MATCH = YES;
				CODE_SIGN_IDENTITY = "-";
				COPY_PHASE_STRIP = NO;
				DEBUG_INFORMATION_FORMAT = "dwarf-with-dsym";
				ENABLE_NS_ASSERTIONS = NO;
				ENABLE_STRICT_OBJC_MSGSEND = YES;
				GCC_C_LANGUAGE_STANDARD = gnu99;
				GCC_NO_COMMON_BLOCKS = YES;
				GCC_WARN_64_TO_32_BIT_CONVERSION = YES;
				GCC_WARN_ABOUT_RETURN_TYPE = YES_ERROR;
				GCC_WARN_UNDECLARED_SELECTOR = YES;
				GCC_WARN_UNINITIALIZED_AUTOS = YES_AGGRESSIVE;
				GCC_WARN_UNUSED_FUNCTION = YES;
				GCC_WARN_UNUSED_VARIABLE = YES;
				MACOSX_DEPLOYMENT_TARGET = 10.11;
				MTL_ENABLE_DEBUG_INFO = NO;
				SDKROOT = macosx;
			};
			name = Release;
		};
		7905A72C1C141763003383AB /* Debug */ = {
			isa = XCBuildConfiguration;
			buildSettings = {
				PRODUCT_NAME = "$(TARGET_NAME)";
			};
			name = Debug;
		};
		7905A72D1C141763003383AB /* Release */ = {
			isa = XCBuildConfiguration;
			buildSettings = {
				PRODUCT_NAME = "$(TARGET_NAME)";
			};
			name = Release;
		};
/* End XCBuildConfiguration section */

/* Begin XCConfigurationList section */
		7905A71F1C141763003383AB /* Build configuration list for PBXProject "cplusplus_test" */ = {
			isa = XCConfigurationList;
			buildConfigurations = (
				7905A7291C141763003383AB /* Debug */,
				7905A72A1C141763003383AB /* Release */,
			);
			defaultConfigurationIsVisible = 0;
			defaultConfigurationName = Release;
		};
		7905A72B1C141763003383AB /* Build configuration list for PBXNativeTarget "cplusplus_test" */ = {
			isa = XCConfigurationList;
			buildConfigurations = (
				7905A72C1C141763003383AB /* Debug */,
				7905A72D1C141763003383AB /* Release */,
			);
			defaultConfigurationIsVisible = 0;
			defaultConfigurationName = Release;
		};
/* End XCConfigurationList section */
	};
	rootObject = 7905A71C1C141763003383AB /* Project object */;
}
